// !$*UTF8*$!
{
	archiveVersion = 1;
	classes = {
	};
	objectVersion = 46;
	objects = {

/* Begin PBXBuildFile section */
		A799FA731DD490AC001D5C08 /* AppDelegate.swift in Sources */ = {isa = PBXBuildFile; fileRef = A799FA721DD490AC001D5C08 /* AppDelegate.swift */; };
		A799FA751DD490AC001D5C08 /* ViewController.swift in Sources */ = {isa = PBXBuildFile; fileRef = A799FA741DD490AC001D5C08 /* ViewController.swift */; };
		A799FA781DD490AC001D5C08 /* Main.storyboard in Resources */ = {isa = PBXBuildFile; fileRef = A799FA761DD490AC001D5C08 /* Main.storyboard */; };
		A799FA7A1DD490AC001D5C08 /* Assets.xcassets in Resources */ = {isa = PBXBuildFile; fileRef = A799FA791DD490AC001D5C08 /* Assets.xcassets */; };
		A799FA7D1DD490AC001D5C08 /* LaunchScreen.storyboard in Resources */ = {isa = PBXBuildFile; fileRef = A799FA7B1DD490AC001D5C08 /* LaunchScreen.storyboard */; };
/* End PBXBuildFile section */

/* Begin PBXFileReference section */
		A799FA6F1DD490AB001D5C08 /* Where am I.app */ = {isa = PBXFileReference; explicitFileType = wrapper.application; includeInIndex = 0; path = "Where am I.app"; sourceTree = BUILT_PRODUCTS_DIR; };
		A799FA721DD490AC001D5C08 /* AppDelegate.swift */ = {isa = PBXFileReference; lastKnownFileType = sourcecode.swift; path = AppDelegate.swift; sourceTree = "<group>"; };
		A799FA741DD490AC001D5C08 /* ViewController.swift */ = {isa = PBXFileReference; lastKnownFileType = sourcecode.swift; path = ViewController.swift; sourceTree = "<group>"; };
		A799FA771DD490AC001D5C08 /* Base */ = {isa = PBXFileReference; lastKnownFileType = file.storyboard; name = Base; path = Base.lproj/Main.storyboard; sourceTree = "<group>"; };
		A799FA791DD490AC001D5C08 /* Assets.xcassets */ = {isa = PBXFileReference; lastKnownFileType = folder.assetcatalog; path = Assets.xcassets; sourceTree = "<group>"; };
		A799FA7C1DD490AC001D5C08 /* Base */ = {isa = PBXFileReference; lastKnownFileType = file.storyboard; name = Base; path = Base.lproj/LaunchScreen.storyboard; sourceTree = "<group>"; };
		A799FA7E1DD490AC001D5C08 /* Info.plist */ = {isa = PBXFileReference; lastKnownFileType = text.plist.xml; path = Info.plist; sourceTree = "<group>"; };
/* End PBXFileReference section */

/* Begin PBXFrameworksBuildPhase section */
		A799FA6C1DD490AB001D5C08 /* Frameworks */ = {
			isa = PBXFrameworksBuildPhase;
			buildActionMask = 2147483647;
			files = (
			);
			runOnlyForDeploymentPostprocessing = 0;
		};
/* End PBXFrameworksBuildPhase section */

/* Begin PBXGroup section */
		A799FA661DD490AB001D5C08 = {
			isa = PBXGroup;
			children = (
				A799FA711DD490AB001D5C08 /* Where am I */,
				A799FA701DD490AB001D5C08 /* Products */,
			);
			sourceTree = "<group>";
		};
		A799FA701DD490AB001D5C08 /* Products */ = {
			isa = PBXGroup;
			children = (
				A799FA6F1DD490AB001D5C08 /* Where am I.app */,
			);
			name = Products;
			sourceTree = "<group>";
		};
		A799FA711DD490AB001D5C08 /* Where am I */ = {
			isa = PBXGroup;
			children = (
				A799FA721DD490AC001D5C08 /* AppDelegate.swift */,
				A799FA741DD490AC001D5C08 /* ViewController.swift */,
				A799FA761DD490AC001D5C08 /* Main.storyboard */,
				A799FA791DD490AC001D5C08 /* Assets.xcassets */,
				A799FA7B1DD490AC001D5C08 /* LaunchScreen.storyboard */,
				A799FA7E1DD490AC001D5C08 /* Info.plist */,
			);
			path = "Where am I";
			sourceTree = "<group>";
		};
/* End PBXGroup section */

/* Begin PBXNativeTarget section */
		A799FA6E1DD490AB001D5C08 /* Where am I */ = {
			isa = PBXNativeTarget;
			buildConfigurationList = A799FA811DD490AC001D5C08 /* Build configuration list for PBXNativeTarget "Where am I" */;
			buildPhases = (
				A799FA6B1DD490AB001D5C08 /* Sources */,
				A799FA6C1DD490AB001D5C08 /* Frameworks */,
				A799FA6D1DD490AB001D5C08 /* Resources */,
			);
			buildRules = (
			);
			dependencies = (
			);
			name = "Where am I";
			productName = "Where am I";
			productReference = A799FA6F1DD490AB001D5C08 /* Where am I.app */;
			productType = "com.apple.product-type.application";
		};
/* End PBXNativeTarget section */

/* Begin PBXProject section */
		A799FA671DD490AB001D5C08 /* Project object */ = {
			isa = PBXProject;
			attributes = {
				LastSwiftUpdateCheck = 0730;
				LastUpgradeCheck = 0730;
				ORGANIZATIONNAME = shikha;
				TargetAttributes = {
					A799FA6E1DD490AB001D5C08 = {
						CreatedOnToolsVersion = 7.3.1;
					};
				};
			};
			buildConfigurationList = A799FA6A1DD490AB001D5C08 /* Build configuration list for PBXProject "Where am I" */;
			compatibilityVersion = "Xcode 3.2";
			developmentRegion = English;
			hasScannedForEncodings = 0;
			knownRegions = (
				en,
				Base,
			);
			mainGroup = A799FA661DD490AB001D5C08;
			productRefGroup = A799FA701DD490AB001D5C08 /* Products */;
			projectDirPath = "";
			projectRoot = "";
			targets = (
				A799FA6E1DD490AB001D5C08 /* Where am I */,
			);
		};
/* End PBXProject section */

/* Begin PBXResourcesBuildPhase section */
		A799FA6D1DD490AB001D5C08 /* Resources */ = {
			isa = PBXResourcesBuildPhase;
			buildActionMask = 2147483647;
			files = (
				A799FA7D1DD490AC001D5C08 /* LaunchScreen.storyboard in Resources */,
				A799FA7A1DD490AC001D5C08 /* Assets.xcassets in Resources */,
				A799FA781DD490AC001D5C08 /* Main.storyboard in Resources */,
			);
			runOnlyForDeploymentPostprocessing = 0;
		};
/* End PBXResourcesBuildPhase section */

/* Begin PBXSourcesBuildPhase section */
		A799FA6B1DD490AB001D5C08 /* Sources */ = {
			isa = PBXSourcesBuildPhase;
			buildActionMask = 2147483647;
			files = (
				A799FA751DD490AC001D5C08 /* ViewController.swift in Sources */,
				A799FA731DD490AC001D5C08 /* AppDelegate.swift in Sources */,
			);
			runOnlyForDeploymentPostprocessing = 0;
		};
/* End PBXSourcesBuildPhase section */

/* Begin PBXVariantGroup section */
		A799FA761DD490AC001D5C08 /* Main.storyboard */ = {
			isa = PBXVariantGroup;
			children = (
				A799FA771DD490AC001D5C08 /* Base */,
			);
			name = Main.storyboard;
			sourceTree = "<group>";
		};
		A799FA7B1DD490AC001D5C08 /* LaunchScreen.storyboard */ = {
			isa = PBXVariantGroup;
			children = (
				A799FA7C1DD490AC001D5C08 /* Base */,
			);
			name = LaunchScreen.storyboard;
			sourceTree = "<group>";
		};
/* End PBXVariantGroup section */

/* Begin XCBuildConfiguration section */
		A799FA7F1DD490AC001D5C08 /* Debug */ = {
			isa = XCBuildConfiguration;
			buildSettings = {
				ALWAYS_SEARCH_USER_PATHS = NO;
				CLANG_ANALYZER_NONNULL = YES;
				CLANG_CXX_LANGUAGE_STANDARD = "gnu++0x";
				CLANG_CXX_LIBRARY = "libc++";
				CLANG_ENABLE_MODULES = YES;
				CLANG_ENABLE_OBJC_ARC = YES;
				CLANG_WARN_BOOL_CONVERSION = YES;
				CLANG_WARN_CONSTANT_CONVERSION = YES;
				CLANG_WARN_DIRECT_OBJC_ISA_USAGE = YES_ERROR;
				CLANG_WARN_EMPTY_BODY = YES;
				CLANG_WARN_ENUM_CONVERSION = YES;
				CLANG_WARN_INT_CONVERSION = YES;
				CLANG_WARN_OBJC_ROOT_CLASS = YES_ERROR;
				CLANG_WARN_UNREACHABLE_CODE = YES;
				CLANG_WARN__DUPLICATE_METHOD_MATCH = YES;
				"CODE_SIGN_IDENTITY[sdk=iphoneos*]" = "iPhone Developer";
				COPY_PHASE_STRIP = NO;
				DEBUG_INFORMATION_FORMAT = dwarf;
				ENABLE_STRICT_OBJC_MSGSEND = YES;
				ENABLE_TESTABILITY = YES;
				GCC_C_LANGUAGE_STANDARD = gnu99;
				GCC_DYNAMIC_NO_PIC = NO;
				GCC_NO_COMMON_BLOCKS = YES;
				GCC_OPTIMIZATION_LEVEL = 0;
				GCC_PREPROCESSOR_DEFINITIONS = (
					"DEBUG=1",
					"$(inherited)",
				);
				GCC_WARN_64_TO_32_BIT_CONVERSION = YES;
				GCC_WARN_ABOUT_RETURN_TYPE = YES_ERROR;
				GCC_WARN_UNDECLARED_SELECTOR = YES;
				GCC_WARN_UNINITIALIZED_AUTOS = YES_AGGRESSIVE;
				GCC_WARN_UNUSED_FUNCTION = YES;
				GCC_WARN_UNUSED_VARIABLE = YES;
				IPHONEOS_DEPLOYMENT_TARGET = 9.3;
				MTL_ENABLE_DEBUG_INFO = YES;
				ONLY_ACTIVE_ARCH = YES;
				SDKROOT = iphoneos;
				SWIFT_OPTIMIZATION_LEVEL = "-Onone";
				TARGETED_DEVICE_FAMILY = "1,2";
			};
			name = Debug;
		};
		A799FA801DD490AC001D5C08 /* Release */ = {
			isa = XCBuildConfiguration;
			buildSettings = {
				ALWAYS_SEARCH_USER_PATHS = NO;
				CLANG_ANALYZER_NONNULL = YES;
				CLANG_CXX_LANGUAGE_STANDARD = "gnu++0x";
				CLANG_CXX_LIBRARY = "libc++";
				CLANG_ENABLE_MODULES = YES;
				CLANG_ENABLE_OBJC_ARC = YES;
				CLANG_WARN_BOOL_CONVERSION = YES;
				CLANG_WARN_CONSTANT_CONVERSION = YES;
				CLANG_WARN_DIRECT_OBJC_ISA_USAGE = YES_ERROR;
				CLANG_WARN_EMPTY_BODY = YES;
				CLANG_WARN_ENUM_CONVERSION = YES;
				CLANG_WARN_INT_CONVERSION = YES;
				CLANG_WARN_OBJC_ROOT_CLASS = YES_ERROR;
				CLANG_WARN_UNREACHABLE_CODE = YES;
				CLANG_WARN__DUPLICATE_METHOD_MATCH = YES;
				"CODE_SIGN_IDENTITY[sdk=iphoneos*]" = "iPhone Developer";
				COPY_PHASE_STRIP = NO;
				DEBUG_INFORMATION_FORMAT = "dwarf-with-dsym";
				ENABLE_NS_ASSERTIONS = NO;
				ENABLE_STRICT_OBJC_MSGSEND = YES;
				GCC_C_LANGUAGE_STANDARD = gnu99;
				GCC_NO_COMMON_BLOCKS = YES;
				GCC_WARN_64_TO_32_BIT_CONVERSION = YES;
				GCC_WARN_ABOUT_RETURN_TYPE = YES_ERROR;
				GCC_WARN_UNDECLARED_SELECTOR = YES;
				GCC_WARN_UNINITIALIZED_AUTOS = YES_AGGRESSIVE;
				GCC_WARN_UNUSED_FUNCTION = YES;
				GCC_WARN_UNUSED_VARIABLE = YES;
				IPHONEOS_DEPLOYMENT_TARGET = 9.3;
				MTL_ENABLE_DEBUG_INFO = NO;
				SDKROOT = iphoneos;
				TARGETED_DEVICE_FAMILY = "1,2";
				VALIDATE_PRODUCT = YES;
			};
			name = Release;
		};
		A799FA821DD490AC001D5C08 /* Debug */ = {
			isa = XCBuildConfiguration;
			buildSettings = {
				ASSETCATALOG_COMPILER_APPICON_NAME = AppIcon;
				INFOPLIST_FILE = "Where am I/Info.plist";
				LD_RUNPATH_SEARCH_PATHS = "$(inherited) @executable_path/Frameworks";
				PRODUCT_BUNDLE_IDENTIFIER = "in.shikha.Where-am-I";
				PRODUCT_NAME = "$(TARGET_NAME)";
			};
			name = Debug;
		};
		A799FA831DD490AC001D5C08 /* Release */ = {
			isa = XCBuildConfiguration;
			buildSettings = {
				ASSETCATALOG_COMPILER_APPICON_NAME = AppIcon;
				INFOPLIST_FILE = "Where am I/Info.plist";
				LD_RUNPATH_SEARCH_PATHS = "$(inherited) @executable_path/Frameworks";
				PRODUCT_BUNDLE_IDENTIFIER = "in.shikha.Where-am-I";
				PRODUCT_NAME = "$(TARGET_NAME)";
			};
			name = Release;
		};
/* End XCBuildConfiguration section */

/* Begin XCConfigurationList section */
		A799FA6A1DD490AB001D5C08 /* Build configuration list for PBXProject "Where am I" */ = {
			isa = XCConfigurationList;
			buildConfigurations = (
				A799FA7F1DD490AC001D5C08 /* Debug */,
				A799FA801DD490AC001D5C08 /* Release */,
			);
			defaultConfigurationIsVisible = 0;
			defaultConfigurationName = Release;
		};
		A799FA811DD490AC001D5C08 /* Build configuration list for PBXNativeTarget "Where am I" */ = {
			isa = XCConfigurationList;
			buildConfigurations = (
				A799FA821DD490AC001D5C08 /* Debug */,
				A799FA831DD490AC001D5C08 /* Release */,
			);
			defaultConfigurationIsVisible = 0;
		};
/* End XCConfigurationList section */
	};
	rootObject = A799FA671DD490AB001D5C08 /* Project object */;
}
